
Microsoft Visual Studio Solution File, Format Version 12.00
Project("{2150E333-8FDC-42A3-9474-1A3956D46DE8}") = "src", "src", "{F7279BC4-2145-4C16-8DE3-4EFE6DC60618}"
EndProject
Project("{2150E333-8FDC-42A3-9474-1A3956D46DE8}") = "tests", "tests", "{ACAE17F3-46BE-435D-ADB7-3C852E9E1EB9}"
EndProject
Project("{2150E333-8FDC-42A3-9474-1A3956D46DE8}") = "Backend", "Backend", "{1C2476F0-33A9-4648-A0C8-D07116C6FF44}"
EndProject
Project("{FAE04EC0-301F-11D3-BF4B-00C04F79EFBC}") = "Kanban.API", "Kanban.API\Kanban.API.csproj", "{77D9E75B-EBEF-46AA-8FBF-F3711FCE996A}"
EndProject
Project("{FAE04EC0-301F-11D3-BF4B-00C04F79EFBC}") = "Kanban.Domain", "Kanban.Domain\Kanban.Domain.csproj", "{0597517D-8BD6-46FD-A97D-1FDAEDBD15DA}"
EndProject
Project("{FAE04EC0-301F-11D3-BF4B-00C04F79EFBC}") = "Kanbam.Infrastructure", "Kanbam.Infrastructure\Kanbam.Infrastructure.csproj", "{EF20A5F3-BB32-4EEA-8C39-ECD9F82F8959}"
EndProject
Project("{FAE04EC0-301F-11D3-BF4B-00C04F79EFBC}") = "Kanbam.Application", "Kanbam.Application\Kanbam.Application.csproj", "{60EAFD5C-08C9-4AD9-AC66-784E87A2243D}"
EndProject
Project("{2150E333-8FDC-42A3-9474-1A3956D46DE8}") = "Shared", "Shared", "{14A83B9F-A9A9-49E1-B4DE-E67112AF3721}"
EndProject
Project("{FAE04EC0-301F-11D3-BF4B-00C04F79EFBC}") = "Kanbam.Exceptions", "Kanbam.Exceptions\Kanbam.Exceptions.csproj", "{B595ADB6-5B82-4DCA-BAF4-FE6304C27DA1}"
EndProject
Project("{FAE04EC0-301F-11D3-BF4B-00C04F79EFBC}") = "Kanbam.Communication", "Kanbam.Communication\Kanbam.Communication.csproj", "{3B435DA6-EC77-4A5D-BFBD-4A360C12026B}"
EndProject
Global
	GlobalSection(SolutionConfigurationPlatforms) = preSolution
		Debug|Any CPU = Debug|Any CPU
		Release|Any CPU = Release|Any CPU
	EndGlobalSection
	GlobalSection(ProjectConfigurationPlatforms) = postSolution
		{77D9E75B-EBEF-46AA-8FBF-F3711FCE996A}.Debug|Any CPU.ActiveCfg = Debug|Any CPU
		{77D9E75B-EBEF-46AA-8FBF-F3711FCE996A}.Debug|Any CPU.Build.0 = Debug|Any CPU
		{77D9E75B-EBEF-46AA-8FBF-F3711FCE996A}.Release|Any CPU.ActiveCfg = Release|Any CPU
		{77D9E75B-EBEF-46AA-8FBF-F3711FCE996A}.Release|Any CPU.Build.0 = Release|Any CPU
		{0597517D-8BD6-46FD-A97D-1FDAEDBD15DA}.Debug|Any CPU.ActiveCfg = Debug|Any CPU
		{0597517D-8BD6-46FD-A97D-1FDAEDBD15DA}.Debug|Any CPU.Build.0 = Debug|Any CPU
		{0597517D-8BD6-46FD-A97D-1FDAEDBD15DA}.Release|Any CPU.ActiveCfg = Release|Any CPU
		{0597517D-8BD6-46FD-A97D-1FDAEDBD15DA}.Release|Any CPU.Build.0 = Release|Any CPU
		{EF20A5F3-BB32-4EEA-8C39-ECD9F82F8959}.Debug|Any CPU.ActiveCfg = Debug|Any CPU
		{EF20A5F3-BB32-4EEA-8C39-ECD9F82F8959}.Debug|Any CPU.Build.0 = Debug|Any CPU
		{EF20A5F3-BB32-4EEA-8C39-ECD9F82F8959}.Release|Any CPU.ActiveCfg = Release|Any CPU
		{EF20A5F3-BB32-4EEA-8C39-ECD9F82F8959}.Release|Any CPU.Build.0 = Release|Any CPU
		{60EAFD5C-08C9-4AD9-AC66-784E87A2243D}.Debug|Any CPU.ActiveCfg = Debug|Any CPU
		{60EAFD5C-08C9-4AD9-AC66-784E87A2243D}.Debug|Any CPU.Build.0 = Debug|Any CPU
		{60EAFD5C-08C9-4AD9-AC66-784E87A2243D}.Release|Any CPU.ActiveCfg = Release|Any CPU
		{60EAFD5C-08C9-4AD9-AC66-784E87A2243D}.Release|Any CPU.Build.0 = Release|Any CPU
		{B595ADB6-5B82-4DCA-BAF4-FE6304C27DA1}.Debug|Any CPU.ActiveCfg = Debug|Any CPU
		{B595ADB6-5B82-4DCA-BAF4-FE6304C27DA1}.Debug|Any CPU.Build.0 = Debug|Any CPU
		{B595ADB6-5B82-4DCA-BAF4-FE6304C27DA1}.Release|Any CPU.ActiveCfg = Release|Any CPU
		{B595ADB6-5B82-4DCA-BAF4-FE6304C27DA1}.Release|Any CPU.Build.0 = Release|Any CPU
		{3B435DA6-EC77-4A5D-BFBD-4A360C12026B}.Debug|Any CPU.ActiveCfg = Debug|Any CPU
		{3B435DA6-EC77-4A5D-BFBD-4A360C12026B}.Debug|Any CPU.Build.0 = Debug|Any CPU
		{3B435DA6-EC77-4A5D-BFBD-4A360C12026B}.Release|Any CPU.ActiveCfg = Release|Any CPU
		{3B435DA6-EC77-4A5D-BFBD-4A360C12026B}.Release|Any CPU.Build.0 = Release|Any CPU
	EndGlobalSection
	GlobalSection(NestedProjects) = preSolution
		{1C2476F0-33A9-4648-A0C8-D07116C6FF44} = {F7279BC4-2145-4C16-8DE3-4EFE6DC60618}
		{77D9E75B-EBEF-46AA-8FBF-F3711FCE996A} = {1C2476F0-33A9-4648-A0C8-D07116C6FF44}
		{0597517D-8BD6-46FD-A97D-1FDAEDBD15DA} = {1C2476F0-33A9-4648-A0C8-D07116C6FF44}
		{EF20A5F3-BB32-4EEA-8C39-ECD9F82F8959} = {1C2476F0-33A9-4648-A0C8-D07116C6FF44}
		{60EAFD5C-08C9-4AD9-AC66-784E87A2243D} = {1C2476F0-33A9-4648-A0C8-D07116C6FF44}
		{14A83B9F-A9A9-49E1-B4DE-E67112AF3721} = {F7279BC4-2145-4C16-8DE3-4EFE6DC60618}
		{B595ADB6-5B82-4DCA-BAF4-FE6304C27DA1} = {14A83B9F-A9A9-49E1-B4DE-E67112AF3721}
		{3B435DA6-EC77-4A5D-BFBD-4A360C12026B} = {14A83B9F-A9A9-49E1-B4DE-E67112AF3721}
	EndGlobalSection
EndGlobal
